<?xml version="1.0" encoding="utf-8"?>
<Project ToolsVersion="17.0" xmlns="http://schemas.microsoft.com/developer/msbuild/2003">
  <ItemGroup>
    <ClCompile Include="C:\Users\burak\Projects\desktop-apps\DbToolKit-Qt6\dbToolkit-qt\build-vs\DbToolKitCore_autogen\mocs_compilation_Debug.cpp">
      <Filter>Source Files\Generated</Filter>
    </ClCompile>
    <ClCompile Include="C:\Users\burak\Projects\desktop-apps\DbToolKit-Qt6\dbToolkit-qt\src\core\DomainTypes.cpp">
      <Filter>Source Files</Filter>
    </ClCompile>
    <ClCompile Include="C:\Users\burak\Projects\desktop-apps\DbToolKit-Qt6\dbToolkit-qt\src\core\DatabaseDriver.cpp">
      <Filter>Source Files</Filter>
    </ClCompile>
    <ClCompile Include="C:\Users\burak\Projects\desktop-apps\DbToolKit-Qt6\dbToolkit-qt\src\core\SessionCredentialStore.cpp">
      <Filter>Source Files</Filter>
    </ClCompile>
    <ClCompile Include="C:\Users\burak\Projects\desktop-apps\DbToolKit-Qt6\dbToolkit-qt\src\core\CachedSnapshotStore.cpp">
      <Filter>Source Files</Filter>
    </ClCompile>
    <ClCompile Include="C:\Users\burak\Projects\desktop-apps\DbToolKit-Qt6\dbToolkit-qt\src\core\StaleResultGate.cpp">
      <Filter>Source Files</Filter>
    </ClCompile>
    <ClCompile Include="C:\Users\burak\Projects\desktop-apps\DbToolKit-Qt6\dbToolkit-qt\src\models\ConnectionListModel.cpp">
      <Filter>Source Files</Filter>
    </ClCompile>
    <ClCompile Include="C:\Users\burak\Projects\desktop-apps\DbToolKit-Qt6\dbToolkit-qt\src\models\DatabaseListModel.cpp">
      <Filter>Source Files</Filter>
    </ClCompile>
    <ClCompile Include="C:\Users\burak\Projects\desktop-apps\DbToolKit-Qt6\dbToolkit-qt\src\models\ServiceListModel.cpp">
      <Filter>Source Files</Filter>
    </ClCompile>
    <ClCompile Include="C:\Users\burak\Projects\desktop-apps\DbToolKit-Qt6\dbToolkit-qt\src\controllers\ApplicationController.cpp">
      <Filter>Source Files</Filter>
    </ClCompile>
    <ClCompile Include="C:\Users\burak\Projects\desktop-apps\DbToolKit-Qt6\dbToolkit-qt\build-vs\DbToolKitCore_autogen\mocs_compilation_Release.cpp">
      <Filter>Source Files\Generated</Filter>
    </ClCompile>
    <ClCompile Include="C:\Users\burak\Projects\desktop-apps\DbToolKit-Qt6\dbToolkit-qt\build-vs\DbToolKitCore_autogen\mocs_compilation_MinSizeRel.cpp">
      <Filter>Source Files\Generated</Filter>
    </ClCompile>
    <ClCompile Include="C:\Users\burak\Projects\desktop-apps\DbToolKit-Qt6\dbToolkit-qt\build-vs\DbToolKitCore_autogen\mocs_compilation_RelWithDebInfo.cpp">
      <Filter>Source Files\Generated</Filter>
    </ClCompile>
  </ItemGroup>
  <ItemGroup>
    <ClInclude Include="C:\Users\burak\Projects\desktop-apps\DbToolKit-Qt6\dbToolkit-qt\src\core\DomainTypes.h">
      <Filter>Header Files</Filter>
    </ClInclude>
    <ClInclude Include="C:\Users\burak\Projects\desktop-apps\DbToolKit-Qt6\dbToolkit-qt\src\core\DatabaseDriver.h">
      <Filter>Header Files</Filter>
    </ClInclude>
    <ClInclude Include="C:\Users\burak\Projects\desktop-apps\DbToolKit-Qt6\dbToolkit-qt\src\core\SessionCredentialStore.h">
      <Filter>Header Files</Filter>
    </ClInclude>
    <ClInclude Include="C:\Users\burak\Projects\desktop-apps\DbToolKit-Qt6\dbToolkit-qt\src\core\CachedSnapshotStore.h">
      <Filter>Header Files</Filter>
    </ClInclude>
    <ClInclude Include="C:\Users\burak\Projects\desktop-apps\DbToolKit-Qt6\dbToolkit-qt\src\core\StaleResultGate.h">
      <Filter>Header Files</Filter>
    </ClInclude>
    <ClInclude Include="C:\Users\burak\Projects\desktop-apps\DbToolKit-Qt6\dbToolkit-qt\src\models\ConnectionListModel.h">
      <Filter>Header Files</Filter>
    </ClInclude>
    <ClInclude Include="C:\Users\burak\Projects\desktop-apps\DbToolKit-Qt6\dbToolkit-qt\src\models\DatabaseListModel.h">
      <Filter>Header Files</Filter>
    </ClInclude>
    <ClInclude Include="C:\Users\burak\Projects\desktop-apps\DbToolKit-Qt6\dbToolkit-qt\src\models\ServiceListModel.h">
      <Filter>Header Files</Filter>
    </ClInclude>
    <ClInclude Include="C:\Users\burak\Projects\desktop-apps\DbToolKit-Qt6\dbToolkit-qt\src\controllers\ApplicationController.h">
      <Filter>Header Files</Filter>
    </ClInclude>
  </ItemGroup>
  <ItemGroup>
    <CustomBuild Include="C:\Users\burak\Projects\desktop-apps\DbToolKit-Qt6\dbToolkit-qt\CMakeLists.txt" />
  </ItemGroup>
  <ItemGroup>
    <None Include="C:\Users\burak\Projects\desktop-apps\DbToolKit-Qt6\dbToolkit-qt\timestamp_Debug" />
    <None Include="C:\Users\burak\Projects\desktop-apps\DbToolKit-Qt6\dbToolkit-qt\timestamp_Release" />
    <None Include="C:\Users\burak\Projects\desktop-apps\DbToolKit-Qt6\dbToolkit-qt\timestamp_MinSizeRel" />
    <None Include="C:\Users\burak\Projects\desktop-apps\DbToolKit-Qt6\dbToolkit-qt\timestamp_RelWithDebInfo" />
  </ItemGroup>
  <ItemGroup>
    <Filter Include="Header Files">
      <UniqueIdentifier>{5C7BAE55-FA57-350D-BAF6-A84096519CD5}</UniqueIdentifier>
    </Filter>
    <Filter Include="Source Files">
      <UniqueIdentifier>{031E5A0D-C236-36FD-BF7C-7534D73F2F67}</UniqueIdentifier>
    </Filter>
    <Filter Include="Source Files\Generated">
      <UniqueIdentifier>{E2CFFA2B-2A4B-3C39-AA1D-4E113639BE18}</UniqueIdentifier>
    </Filter>
  </ItemGroup>
</Project>
