
Microsoft Visual Studio Solution File, Format Version 12.00
# Visual Studio Version 17
Project("{2150E333-8FDC-42A3-9474-1A3956D46DE8}") = "CMakePredefinedTargets", "CMakePredefinedTargets", "{9CB7CA54-EE4B-3AF7-A74F-31FCC200CDA0}"
EndProject
Project("{2150E333-8FDC-42A3-9474-1A3956D46DE8}") = "CTestDashboardTargets", "CTestDashboardTargets", "{CF09540E-9377-3C8E-B7FC-6F797038B556}"
EndProject
Project("{2150E333-8FDC-42A3-9474-1A3956D46DE8}") = "QtInternalTargets", "QtInternalTargets", "{9025D03A-CA23-3EAD-91FB-998E3F6F7A3B}"
EndProject
Project("{2150E333-8FDC-42A3-9474-1A3956D46DE8}") = "QmlLinter", "QtInternalTargets\QmlLinter", "{E90303C0-8BE7-3DD2-9296-22F2AA5E3E2A}"
EndProject
Project("{8BC9CEB8-8B4A-11D0-8D11-00A0C91BC942}") = "ALL_BUILD", "ALL_BUILD.vcxproj", "{2383878C-8526-3BFA-A0A1-BE1F423B8FFF}"
	ProjectSection(ProjectDependencies) = postProject
		{0B231177-BFBD-3F5B-B6BB-58DB31A92981} = {0B231177-BFBD-3F5B-B6BB-58DB31A92981}
		{0BF5F57F-7EE8-3F62-B673-B1C8B117A4E4} = {0BF5F57F-7EE8-3F62-B673-B1C8B117A4E4}
		{8043A35B-F9BA-39AD-948E-5289477D5E0E} = {8043A35B-F9BA-39AD-948E-5289477D5E0E}
	EndProjectSection
EndProject
Project("{8BC9CEB8-8B4A-11D0-8D11-00A0C91BC942}") = "Continuous", "Continuous.vcxproj", "{1CB4F2DC-4485-3609-9E1C-D68B8B2F4367}"
	ProjectSection(ProjectDependencies) = postProject
		{8043A35B-F9BA-39AD-948E-5289477D5E0E} = {8043A35B-F9BA-39AD-948E-5289477D5E0E}
	EndProjectSection
EndProject
Project("{8BC9CEB8-8B4A-11D0-8D11-00A0C91BC942}") = "DbToolKit", "DbToolKit.vcxproj", "{0B231177-BFBD-3F5B-B6BB-58DB31A92981}"
	ProjectSection(ProjectDependencies) = postProject
		{0BF5F57F-7EE8-3F62-B673-B1C8B117A4E4} = {0BF5F57F-7EE8-3F62-B673-B1C8B117A4E4}
		{67AA89C4-6DF4-37C2-A009-DBD0893590D4} = {67AA89C4-6DF4-37C2-A009-DBD0893590D4}
		{D8B93D2F-4466-3EEA-8415-9350FEE9D1B4} = {D8B93D2F-4466-3EEA-8415-9350FEE9D1B4}
		{BDB1B7C0-983A-322E-8A00-C896DFC98BBF} = {BDB1B7C0-983A-322E-8A00-C896DFC98BBF}
		{C4DA5C68-A3F6-384A-A7CB-E0F7D39B2A18} = {C4DA5C68-A3F6-384A-A7CB-E0F7D39B2A18}
		{9EF51F6A-9003-3034-A83B-F654218CD60D} = {9EF51F6A-9003-3034-A83B-F654218CD60D}
		{8043A35B-F9BA-39AD-948E-5289477D5E0E} = {8043A35B-F9BA-39AD-948E-5289477D5E0E}
		{00AD4F1D-8536-3772-997C-57F011196F86} = {00AD4F1D-8536-3772-997C-57F011196F86}
	EndProjectSection
EndProject
Project("{8BC9CEB8-8B4A-11D0-8D11-00A0C91BC942}") = "DbToolKitCore", "DbToolKitCore.vcxproj", "{0BF5F57F-7EE8-3F62-B673-B1C8B117A4E4}"
	ProjectSection(ProjectDependencies) = postProject
		{31431E24-D6CC-37E3-BF7B-D737CF755BC4} = {31431E24-D6CC-37E3-BF7B-D737CF755BC4}
		{8043A35B-F9BA-39AD-948E-5289477D5E0E} = {8043A35B-F9BA-39AD-948E-5289477D5E0E}
	EndProjectSection
EndProject
Project("{8BC9CEB8-8B4A-11D0-8D11-00A0C91BC942}") = "DbToolKitCore_autogen", "DbToolKitCore_autogen.vcxproj", "{31431E24-D6CC-37E3-BF7B-D737CF755BC4}"
	ProjectSection(ProjectDependencies) = postProject
		{F239EF4B-C7D8-3133-BBE2-0B8D7638D032} = {F239EF4B-C7D8-3133-BBE2-0B8D7638D032}
		{8043A35B-F9BA-39AD-948E-5289477D5E0E} = {8043A35B-F9BA-39AD-948E-5289477D5E0E}
	EndProjectSection
EndProject
Project("{8BC9CEB8-8B4A-11D0-8D11-00A0C91BC942}") = "DbToolKitCore_autogen_timestamp_deps", "DbToolKitCore_autogen_timestamp_deps.vcxproj", "{F239EF4B-C7D8-3133-BBE2-0B8D7638D032}"
	ProjectSection(ProjectDependencies) = postProject
		{8043A35B-F9BA-39AD-948E-5289477D5E0E} = {8043A35B-F9BA-39AD-948E-5289477D5E0E}
	EndProjectSection
EndProject
Project("{8BC9CEB8-8B4A-11D0-8D11-00A0C91BC942}") = "DbToolKit_autogen", "DbToolKit_autogen.vcxproj", "{67AA89C4-6DF4-37C2-A009-DBD0893590D4}"
	ProjectSection(ProjectDependencies) = postProject
		{D8B93D2F-4466-3EEA-8415-9350FEE9D1B4} = {D8B93D2F-4466-3EEA-8415-9350FEE9D1B4}
		{8043A35B-F9BA-39AD-948E-5289477D5E0E} = {8043A35B-F9BA-39AD-948E-5289477D5E0E}
	EndProjectSection
EndProject
Project("{8BC9CEB8-8B4A-11D0-8D11-00A0C91BC942}") = "DbToolKit_autogen_timestamp_deps", "DbToolKit_autogen_timestamp_deps.vcxproj", "{D8B93D2F-4466-3EEA-8415-9350FEE9D1B4}"
	ProjectSection(ProjectDependencies) = postProject
		{0BF5F57F-7EE8-3F62-B673-B1C8B117A4E4} = {0BF5F57F-7EE8-3F62-B673-B1C8B117A4E4}
		{BDB1B7C0-983A-322E-8A00-C896DFC98BBF} = {BDB1B7C0-983A-322E-8A00-C896DFC98BBF}
		{C4DA5C68-A3F6-384A-A7CB-E0F7D39B2A18} = {C4DA5C68-A3F6-384A-A7CB-E0F7D39B2A18}
		{9EF51F6A-9003-3034-A83B-F654218CD60D} = {9EF51F6A-9003-3034-A83B-F654218CD60D}
		{8043A35B-F9BA-39AD-948E-5289477D5E0E} = {8043A35B-F9BA-39AD-948E-5289477D5E0E}
		{00AD4F1D-8536-3772-997C-57F011196F86} = {00AD4F1D-8536-3772-997C-57F011196F86}
	EndProjectSection
EndProject
Project("{8BC9CEB8-8B4A-11D0-8D11-00A0C91BC942}") = "DbToolKit_copy_qml", "DbToolKit_copy_qml.vcxproj", "{BDB1B7C0-983A-322E-8A00-C896DFC98BBF}"
	ProjectSection(ProjectDependencies) = postProject
		{8043A35B-F9BA-39AD-948E-5289477D5E0E} = {8043A35B-F9BA-39AD-948E-5289477D5E0E}
	EndProjectSection
EndProject
Project("{8BC9CEB8-8B4A-11D0-8D11-00A0C91BC942}") = "DbToolKit_copy_res", "DbToolKit_copy_res.vcxproj", "{C4DA5C68-A3F6-384A-A7CB-E0F7D39B2A18}"
	ProjectSection(ProjectDependencies) = postProject
		{8043A35B-F9BA-39AD-948E-5289477D5E0E} = {8043A35B-F9BA-39AD-948E-5289477D5E0E}
	EndProjectSection
EndProject
Project("{8BC9CEB8-8B4A-11D0-8D11-00A0C91BC942}") = "DbToolKit_qmlimportscan", "DbToolKit_qmlimportscan.vcxproj", "{9EF51F6A-9003-3034-A83B-F654218CD60D}"
	ProjectSection(ProjectDependencies) = postProject
		{8043A35B-F9BA-39AD-948E-5289477D5E0E} = {8043A35B-F9BA-39AD-948E-5289477D5E0E}
	EndProjectSection
EndProject
Project("{8BC9CEB8-8B4A-11D0-8D11-00A0C91BC942}") = "DbToolKit_qmllint", "DbToolKit_qmllint.vcxproj", "{16E2A277-58CD-371F-BA50-37057D37AEA3}"
	ProjectSection(ProjectDependencies) = postProject
		{8043A35B-F9BA-39AD-948E-5289477D5E0E} = {8043A35B-F9BA-39AD-948E-5289477D5E0E}
		{EC1B0033-E59F-3C24-834B-202A76247000} = {EC1B0033-E59F-3C24-834B-202A76247000}
	EndProjectSection
EndProject
Project("{8BC9CEB8-8B4A-11D0-8D11-00A0C91BC942}") = "DbToolKit_qmllint_json", "DbToolKit_qmllint_json.vcxproj", "{C0CAB373-41BB-3FB6-8207-6503F01219F6}"
	ProjectSection(ProjectDependencies) = postProject
		{8043A35B-F9BA-39AD-948E-5289477D5E0E} = {8043A35B-F9BA-39AD-948E-5289477D5E0E}
		{EC1B0033-E59F-3C24-834B-202A76247000} = {EC1B0033-E59F-3C24-834B-202A76247000}
	EndProjectSection
EndProject
Project("{8BC9CEB8-8B4A-11D0-8D11-00A0C91BC942}") = "DbToolKit_qmllint_module", "DbToolKit_qmllint_module.vcxproj", "{224C4737-809F-3BE5-BC77-D746C36F2FDF}"
	ProjectSection(ProjectDependencies) = postProject
		{8043A35B-F9BA-39AD-948E-5289477D5E0E} = {8043A35B-F9BA-39AD-948E-5289477D5E0E}
		{EC1B0033-E59F-3C24-834B-202A76247000} = {EC1B0033-E59F-3C24-834B-202A76247000}
	EndProjectSection
EndProject
Project("{8BC9CEB8-8B4A-11D0-8D11-00A0C91BC942}") = "DbToolKit_qmltyperegistration", "DbToolKit_qmltyperegistration.vcxproj", "{78D5FDAE-01B1-3F4B-BC84-16D8463D6080}"
	ProjectSection(ProjectDependencies) = postProject
		{D8B93D2F-4466-3EEA-8415-9350FEE9D1B4} = {D8B93D2F-4466-3EEA-8415-9350FEE9D1B4}
		{8043A35B-F9BA-39AD-948E-5289477D5E0E} = {8043A35B-F9BA-39AD-948E-5289477D5E0E}
	EndProjectSection
EndProject
Project("{8BC9CEB8-8B4A-11D0-8D11-00A0C91BC942}") = "Experimental", "Experimental.vcxproj", "{413C4210-6378-3934-A205-C52773389E66}"
	ProjectSection(ProjectDependencies) = postProject
		{8043A35B-F9BA-39AD-948E-5289477D5E0E} = {8043A35B-F9BA-39AD-948E-5289477D5E0E}
	EndProjectSection
EndProject
Project("{8BC9CEB8-8B4A-11D0-8D11-00A0C91BC942}") = "Nightly", "Nightly.vcxproj", "{8AFC26DD-4C7F-3B39-8204-6CD875703390}"
	ProjectSection(ProjectDependencies) = postProject
		{8043A35B-F9BA-39AD-948E-5289477D5E0E} = {8043A35B-F9BA-39AD-948E-5289477D5E0E}
	EndProjectSection
EndProject
Project("{8BC9CEB8-8B4A-11D0-8D11-00A0C91BC942}") = "NightlyMemoryCheck", "NightlyMemoryCheck.vcxproj", "{301CF1CD-0A18-3588-9CDD-6E281E3F2F5C}"
	ProjectSection(ProjectDependencies) = postProject
		{8043A35B-F9BA-39AD-948E-5289477D5E0E} = {8043A35B-F9BA-39AD-948E-5289477D5E0E}
	EndProjectSection
EndProject
Project("{8BC9CEB8-8B4A-11D0-8D11-00A0C91BC942}") = "RUN_TESTS", "RUN_TESTS.vcxproj", "{F38A1058-3DDD-3B9D-A8A2-5710DED96D64}"
	ProjectSection(ProjectDependencies) = postProject
		{8043A35B-F9BA-39AD-948E-5289477D5E0E} = {8043A35B-F9BA-39AD-948E-5289477D5E0E}
	EndProjectSection
EndProject
Project("{8BC9CEB8-8B4A-11D0-8D11-00A0C91BC942}") = "ZERO_CHECK", "ZERO_CHECK.vcxproj", "{8043A35B-F9BA-39AD-948E-5289477D5E0E}"
	ProjectSection(ProjectDependencies) = postProject
	EndProjectSection
EndProject
Project("{8BC9CEB8-8B4A-11D0-8D11-00A0C91BC942}") = "all_aotstats", "all_aotstats.vcxproj", "{8219D051-21DC-34A4-9919-554F534E0DC6}"
	ProjectSection(ProjectDependencies) = postProject
		{D8B93D2F-4466-3EEA-8415-9350FEE9D1B4} = {D8B93D2F-4466-3EEA-8415-9350FEE9D1B4}
		{8043A35B-F9BA-39AD-948E-5289477D5E0E} = {8043A35B-F9BA-39AD-948E-5289477D5E0E}
		{2B7004EC-E58E-3358-811A-4FDD0FCD51C6} = {2B7004EC-E58E-3358-811A-4FDD0FCD51C6}
	EndProjectSection
EndProject
Project("{8BC9CEB8-8B4A-11D0-8D11-00A0C91BC942}") = "all_qmllint", "all_qmllint.vcxproj", "{D3268FBE-8E0D-3CC9-81CF-89C90C807F9B}"
	ProjectSection(ProjectDependencies) = postProject
		{8043A35B-F9BA-39AD-948E-5289477D5E0E} = {8043A35B-F9BA-39AD-948E-5289477D5E0E}
	EndProjectSection
EndProject
Project("{8BC9CEB8-8B4A-11D0-8D11-00A0C91BC942}") = "all_qmllint_json", "all_qmllint_json.vcxproj", "{F0B43DC4-C0E8-3C61-A8D5-6A38555E3557}"
	ProjectSection(ProjectDependencies) = postProject
		{8043A35B-F9BA-39AD-948E-5289477D5E0E} = {8043A35B-F9BA-39AD-948E-5289477D5E0E}
	EndProjectSection
EndProject
Project("{8BC9CEB8-8B4A-11D0-8D11-00A0C91BC942}") = "all_qmllint_module", "all_qmllint_module.vcxproj", "{C8B6DE87-5E20-3065-A6FB-A7AD842F89F6}"
	ProjectSection(ProjectDependencies) = postProject
		{8043A35B-F9BA-39AD-948E-5289477D5E0E} = {8043A35B-F9BA-39AD-948E-5289477D5E0E}
	EndProjectSection
EndProject
Project("{8BC9CEB8-8B4A-11D0-8D11-00A0C91BC942}") = "all_qmltyperegistrations", "all_qmltyperegistrations.vcxproj", "{EC1B0033-E59F-3C24-834B-202A76247000}"
	ProjectSection(ProjectDependencies) = postProject
		{78D5FDAE-01B1-3F4B-BC84-16D8463D6080} = {78D5FDAE-01B1-3F4B-BC84-16D8463D6080}
		{8043A35B-F9BA-39AD-948E-5289477D5E0E} = {8043A35B-F9BA-39AD-948E-5289477D5E0E}
	EndProjectSection
EndProject
Project("{8BC9CEB8-8B4A-11D0-8D11-00A0C91BC942}") = "clean_qml_context_properties", "clean_qml_context_properties.vcxproj", "{90A4A354-ADC8-361B-BE26-61D340EF6857}"
	ProjectSection(ProjectDependencies) = postProject
		{8043A35B-F9BA-39AD-948E-5289477D5E0E} = {8043A35B-F9BA-39AD-948E-5289477D5E0E}
	EndProjectSection
EndProject
Project("{8BC9CEB8-8B4A-11D0-8D11-00A0C91BC942}") = "dump_qml_context_properties", "dump_qml_context_properties.vcxproj", "{C4D5D7DF-6D5E-3323-9E2F-4FF7A106C5AD}"
	ProjectSection(ProjectDependencies) = postProject
		{8043A35B-F9BA-39AD-948E-5289477D5E0E} = {8043A35B-F9BA-39AD-948E-5289477D5E0E}
	EndProjectSection
EndProject
Project("{8BC9CEB8-8B4A-11D0-8D11-00A0C91BC942}") = "generate_qmlls_build_ini_file", "generate_qmlls_build_ini_file.vcxproj", "{00AD4F1D-8536-3772-997C-57F011196F86}"
	ProjectSection(ProjectDependencies) = postProject
		{8043A35B-F9BA-39AD-948E-5289477D5E0E} = {8043A35B-F9BA-39AD-948E-5289477D5E0E}
	EndProjectSection
EndProject
Project("{8BC9CEB8-8B4A-11D0-8D11-00A0C91BC942}") = "module_DbToolKit_aotstats_target", "module_DbToolKit_aotstats_target.vcxproj", "{2B7004EC-E58E-3358-811A-4FDD0FCD51C6}"
	ProjectSection(ProjectDependencies) = postProject
		{D8B93D2F-4466-3EEA-8415-9350FEE9D1B4} = {D8B93D2F-4466-3EEA-8415-9350FEE9D1B4}
		{78D5FDAE-01B1-3F4B-BC84-16D8463D6080} = {78D5FDAE-01B1-3F4B-BC84-16D8463D6080}
		{8043A35B-F9BA-39AD-948E-5289477D5E0E} = {8043A35B-F9BA-39AD-948E-5289477D5E0E}
	EndProjectSection
EndProject
Global
	GlobalSection(SolutionConfigurationPlatforms) = preSolution
		Debug|x64 = Debug|x64
		Release|x64 = Release|x64
		MinSizeRel|x64 = MinSizeRel|x64
		RelWithDebInfo|x64 = RelWithDebInfo|x64
	EndGlobalSection
	GlobalSection(ProjectConfigurationPlatforms) = postSolution
		{2383878C-8526-3BFA-A0A1-BE1F423B8FFF}.Debug|x64.ActiveCfg = Debug|x64
		{2383878C-8526-3BFA-A0A1-BE1F423B8FFF}.Release|x64.ActiveCfg = Release|x64
		{2383878C-8526-3BFA-A0A1-BE1F423B8FFF}.MinSizeRel|x64.ActiveCfg = MinSizeRel|x64
		{2383878C-8526-3BFA-A0A1-BE1F423B8FFF}.RelWithDebInfo|x64.ActiveCfg = RelWithDebInfo|x64
		{1CB4F2DC-4485-3609-9E1C-D68B8B2F4367}.Debug|x64.ActiveCfg = Debug|x64
		{1CB4F2DC-4485-3609-9E1C-D68B8B2F4367}.Release|x64.ActiveCfg = Release|x64
		{1CB4F2DC-4485-3609-9E1C-D68B8B2F4367}.MinSizeRel|x64.ActiveCfg = MinSizeRel|x64
		{1CB4F2DC-4485-3609-9E1C-D68B8B2F4367}.RelWithDebInfo|x64.ActiveCfg = RelWithDebInfo|x64
		{0B231177-BFBD-3F5B-B6BB-58DB31A92981}.Debug|x64.ActiveCfg = Debug|x64
		{0B231177-BFBD-3F5B-B6BB-58DB31A92981}.Debug|x64.Build.0 = Debug|x64
		{0B231177-BFBD-3F5B-B6BB-58DB31A92981}.Release|x64.ActiveCfg = Release|x64
		{0B231177-BFBD-3F5B-B6BB-58DB31A92981}.Release|x64.Build.0 = Release|x64
		{0B231177-BFBD-3F5B-B6BB-58DB31A92981}.MinSizeRel|x64.ActiveCfg = MinSizeRel|x64
		{0B231177-BFBD-3F5B-B6BB-58DB31A92981}.MinSizeRel|x64.Build.0 = MinSizeRel|x64
		{0B231177-BFBD-3F5B-B6BB-58DB31A92981}.RelWithDebInfo|x64.ActiveCfg = RelWithDebInfo|x64
		{0B231177-BFBD-3F5B-B6BB-58DB31A92981}.RelWithDebInfo|x64.Build.0 = RelWithDebInfo|x64
		{0BF5F57F-7EE8-3F62-B673-B1C8B117A4E4}.Debug|x64.ActiveCfg = Debug|x64
		{0BF5F57F-7EE8-3F62-B673-B1C8B117A4E4}.Debug|x64.Build.0 = Debug|x64
		{0BF5F57F-7EE8-3F62-B673-B1C8B117A4E4}.Release|x64.ActiveCfg = Release|x64
		{0BF5F57F-7EE8-3F62-B673-B1C8B117A4E4}.Release|x64.Build.0 = Release|x64
		{0BF5F57F-7EE8-3F62-B673-B1C8B117A4E4}.MinSizeRel|x64.ActiveCfg = MinSizeRel|x64
		{0BF5F57F-7EE8-3F62-B673-B1C8B117A4E4}.MinSizeRel|x64.Build.0 = MinSizeRel|x64
		{0BF5F57F-7EE8-3F62-B673-B1C8B117A4E4}.RelWithDebInfo|x64.ActiveCfg = RelWithDebInfo|x64
		{0BF5F57F-7EE8-3F62-B673-B1C8B117A4E4}.RelWithDebInfo|x64.Build.0 = RelWithDebInfo|x64
		{31431E24-D6CC-37E3-BF7B-D737CF755BC4}.Debug|x64.ActiveCfg = Debug|x64
		{31431E24-D6CC-37E3-BF7B-D737CF755BC4}.Debug|x64.Build.0 = Debug|x64
		{31431E24-D6CC-37E3-BF7B-D737CF755BC4}.Release|x64.ActiveCfg = Release|x64
		{31431E24-D6CC-37E3-BF7B-D737CF755BC4}.Release|x64.Build.0 = Release|x64
		{31431E24-D6CC-37E3-BF7B-D737CF755BC4}.MinSizeRel|x64.ActiveCfg = MinSizeRel|x64
		{31431E24-D6CC-37E3-BF7B-D737CF755BC4}.MinSizeRel|x64.Build.0 = MinSizeRel|x64
		{31431E24-D6CC-37E3-BF7B-D737CF755BC4}.RelWithDebInfo|x64.ActiveCfg = RelWithDebInfo|x64
		{31431E24-D6CC-37E3-BF7B-D737CF755BC4}.RelWithDebInfo|x64.Build.0 = RelWithDebInfo|x64
		{F239EF4B-C7D8-3133-BBE2-0B8D7638D032}.Debug|x64.ActiveCfg = Debug|x64
		{F239EF4B-C7D8-3133-BBE2-0B8D7638D032}.Debug|x64.Build.0 = Debug|x64
		{F239EF4B-C7D8-3133-BBE2-0B8D7638D032}.Release|x64.ActiveCfg = Release|x64
		{F239EF4B-C7D8-3133-BBE2-0B8D7638D032}.Release|x64.Build.0 = Release|x64
		{F239EF4B-C7D8-3133-BBE2-0B8D7638D032}.MinSizeRel|x64.ActiveCfg = MinSizeRel|x64
		{F239EF4B-C7D8-3133-BBE2-0B8D7638D032}.MinSizeRel|x64.Build.0 = MinSizeRel|x64
		{F239EF4B-C7D8-3133-BBE2-0B8D7638D032}.RelWithDebInfo|x64.ActiveCfg = RelWithDebInfo|x64
		{F239EF4B-C7D8-3133-BBE2-0B8D7638D032}.RelWithDebInfo|x64.Build.0 = RelWithDebInfo|x64
		{67AA89C4-6DF4-37C2-A009-DBD0893590D4}.Debug|x64.ActiveCfg = Debug|x64
		{67AA89C4-6DF4-37C2-A009-DBD0893590D4}.Debug|x64.Build.0 = Debug|x64
		{67AA89C4-6DF4-37C2-A009-DBD0893590D4}.Release|x64.ActiveCfg = Release|x64
		{67AA89C4-6DF4-37C2-A009-DBD0893590D4}.Release|x64.Build.0 = Release|x64
		{67AA89C4-6DF4-37C2-A009-DBD0893590D4}.MinSizeRel|x64.ActiveCfg = MinSizeRel|x64
		{67AA89C4-6DF4-37C2-A009-DBD0893590D4}.MinSizeRel|x64.Build.0 = MinSizeRel|x64
		{67AA89C4-6DF4-37C2-A009-DBD0893590D4}.RelWithDebInfo|x64.ActiveCfg = RelWithDebInfo|x64
		{67AA89C4-6DF4-37C2-A009-DBD0893590D4}.RelWithDebInfo|x64.Build.0 = RelWithDebInfo|x64
		{D8B93D2F-4466-3EEA-8415-9350FEE9D1B4}.Debug|x64.ActiveCfg = Debug|x64
		{D8B93D2F-4466-3EEA-8415-9350FEE9D1B4}.Debug|x64.Build.0 = Debug|x64
		{D8B93D2F-4466-3EEA-8415-9350FEE9D1B4}.Release|x64.ActiveCfg = Release|x64
		{D8B93D2F-4466-3EEA-8415-9350FEE9D1B4}.Release|x64.Build.0 = Release|x64
		{D8B93D2F-4466-3EEA-8415-9350FEE9D1B4}.MinSizeRel|x64.ActiveCfg = MinSizeRel|x64
		{D8B93D2F-4466-3EEA-8415-9350FEE9D1B4}.MinSizeRel|x64.Build.0 = MinSizeRel|x64
		{D8B93D2F-4466-3EEA-8415-9350FEE9D1B4}.RelWithDebInfo|x64.ActiveCfg = RelWithDebInfo|x64
		{D8B93D2F-4466-3EEA-8415-9350FEE9D1B4}.RelWithDebInfo|x64.Build.0 = RelWithDebInfo|x64
		{BDB1B7C0-983A-322E-8A00-C896DFC98BBF}.Debug|x64.ActiveCfg = Debug|x64
		{BDB1B7C0-983A-322E-8A00-C896DFC98BBF}.Debug|x64.Build.0 = Debug|x64
		{BDB1B7C0-983A-322E-8A00-C896DFC98BBF}.Release|x64.ActiveCfg = Release|x64
		{BDB1B7C0-983A-322E-8A00-C896DFC98BBF}.Release|x64.Build.0 = Release|x64
		{BDB1B7C0-983A-322E-8A00-C896DFC98BBF}.MinSizeRel|x64.ActiveCfg = MinSizeRel|x64
		{BDB1B7C0-983A-322E-8A00-C896DFC98BBF}.MinSizeRel|x64.Build.0 = MinSizeRel|x64
		{BDB1B7C0-983A-322E-8A00-C896DFC98BBF}.RelWithDebInfo|x64.ActiveCfg = RelWithDebInfo|x64
		{BDB1B7C0-983A-322E-8A00-C896DFC98BBF}.RelWithDebInfo|x64.Build.0 = RelWithDebInfo|x64
		{C4DA5C68-A3F6-384A-A7CB-E0F7D39B2A18}.Debug|x64.ActiveCfg = Debug|x64
		{C4DA5C68-A3F6-384A-A7CB-E0F7D39B2A18}.Debug|x64.Build.0 = Debug|x64
		{C4DA5C68-A3F6-384A-A7CB-E0F7D39B2A18}.Release|x64.ActiveCfg = Release|x64
		{C4DA5C68-A3F6-384A-A7CB-E0F7D39B2A18}.Release|x64.Build.0 = Release|x64
		{C4DA5C68-A3F6-384A-A7CB-E0F7D39B2A18}.MinSizeRel|x64.ActiveCfg = MinSizeRel|x64
		{C4DA5C68-A3F6-384A-A7CB-E0F7D39B2A18}.MinSizeRel|x64.Build.0 = MinSizeRel|x64
		{C4DA5C68-A3F6-384A-A7CB-E0F7D39B2A18}.RelWithDebInfo|x64.ActiveCfg = RelWithDebInfo|x64
		{C4DA5C68-A3F6-384A-A7CB-E0F7D39B2A18}.RelWithDebInfo|x64.Build.0 = RelWithDebInfo|x64
		{9EF51F6A-9003-3034-A83B-F654218CD60D}.Debug|x64.ActiveCfg = Debug|x64
		{9EF51F6A-9003-3034-A83B-F654218CD60D}.Debug|x64.Build.0 = Debug|x64
		{9EF51F6A-9003-3034-A83B-F654218CD60D}.Release|x64.ActiveCfg = Release|x64
		{9EF51F6A-9003-3034-A83B-F654218CD60D}.Release|x64.Build.0 = Release|x64
		{9EF51F6A-9003-3034-A83B-F654218CD60D}.MinSizeRel|x64.ActiveCfg = MinSizeRel|x64
		{9EF51F6A-9003-3034-A83B-F654218CD60D}.MinSizeRel|x64.Build.0 = MinSizeRel|x64
		{9EF51F6A-9003-3034-A83B-F654218CD60D}.RelWithDebInfo|x64.ActiveCfg = RelWithDebInfo|x64
		{9EF51F6A-9003-3034-A83B-F654218CD60D}.RelWithDebInfo|x64.Build.0 = RelWithDebInfo|x64
		{16E2A277-58CD-371F-BA50-37057D37AEA3}.Debug|x64.ActiveCfg = Debug|x64
		{16E2A277-58CD-371F-BA50-37057D37AEA3}.Release|x64.ActiveCfg = Release|x64
		{16E2A277-58CD-371F-BA50-37057D37AEA3}.MinSizeRel|x64.ActiveCfg = MinSizeRel|x64
		{16E2A277-58CD-371F-BA50-37057D37AEA3}.RelWithDebInfo|x64.ActiveCfg = RelWithDebInfo|x64
		{C0CAB373-41BB-3FB6-8207-6503F01219F6}.Debug|x64.ActiveCfg = Debug|x64
		{C0CAB373-41BB-3FB6-8207-6503F01219F6}.Release|x64.ActiveCfg = Release|x64
		{C0CAB373-41BB-3FB6-8207-6503F01219F6}.MinSizeRel|x64.ActiveCfg = MinSizeRel|x64
		{C0CAB373-41BB-3FB6-8207-6503F01219F6}.RelWithDebInfo|x64.ActiveCfg = RelWithDebInfo|x64
		{224C4737-809F-3BE5-BC77-D746C36F2FDF}.Debug|x64.ActiveCfg = Debug|x64
		{224C4737-809F-3BE5-BC77-D746C36F2FDF}.Release|x64.ActiveCfg = Release|x64
		{224C4737-809F-3BE5-BC77-D746C36F2FDF}.MinSizeRel|x64.ActiveCfg = MinSizeRel|x64
		{224C4737-809F-3BE5-BC77-D746C36F2FDF}.RelWithDebInfo|x64.ActiveCfg = RelWithDebInfo|x64
		{78D5FDAE-01B1-3F4B-BC84-16D8463D6080}.Debug|x64.ActiveCfg = Debug|x64
		{78D5FDAE-01B1-3F4B-BC84-16D8463D6080}.Debug|x64.Build.0 = Debug|x64
		{78D5FDAE-01B1-3F4B-BC84-16D8463D6080}.Release|x64.ActiveCfg = Release|x64
		{78D5FDAE-01B1-3F4B-BC84-16D8463D6080}.Release|x64.Build.0 = Release|x64
		{78D5FDAE-01B1-3F4B-BC84-16D8463D6080}.MinSizeRel|x64.ActiveCfg = MinSizeRel|x64
		{78D5FDAE-01B1-3F4B-BC84-16D8463D6080}.MinSizeRel|x64.Build.0 = MinSizeRel|x64
		{78D5FDAE-01B1-3F4B-BC84-16D8463D6080}.RelWithDebInfo|x64.ActiveCfg = RelWithDebInfo|x64
		{78D5FDAE-01B1-3F4B-BC84-16D8463D6080}.RelWithDebInfo|x64.Build.0 = RelWithDebInfo|x64
		{413C4210-6378-3934-A205-C52773389E66}.Debug|x64.ActiveCfg = Debug|x64
		{413C4210-6378-3934-A205-C52773389E66}.Release|x64.ActiveCfg = Release|x64
		{413C4210-6378-3934-A205-C52773389E66}.MinSizeRel|x64.ActiveCfg = MinSizeRel|x64
		{413C4210-6378-3934-A205-C52773389E66}.RelWithDebInfo|x64.ActiveCfg = RelWithDebInfo|x64
		{8AFC26DD-4C7F-3B39-8204-6CD875703390}.Debug|x64.ActiveCfg = Debug|x64
		{8AFC26DD-4C7F-3B39-8204-6CD875703390}.Release|x64.ActiveCfg = Release|x64
		{8AFC26DD-4C7F-3B39-8204-6CD875703390}.MinSizeRel|x64.ActiveCfg = MinSizeRel|x64
		{8AFC26DD-4C7F-3B39-8204-6CD875703390}.RelWithDebInfo|x64.ActiveCfg = RelWithDebInfo|x64
		{301CF1CD-0A18-3588-9CDD-6E281E3F2F5C}.Debug|x64.ActiveCfg = Debug|x64
		{301CF1CD-0A18-3588-9CDD-6E281E3F2F5C}.Release|x64.ActiveCfg = Release|x64
		{301CF1CD-0A18-3588-9CDD-6E281E3F2F5C}.MinSizeRel|x64.ActiveCfg = MinSizeRel|x64
		{301CF1CD-0A18-3588-9CDD-6E281E3F2F5C}.RelWithDebInfo|x64.ActiveCfg = RelWithDebInfo|x64
		{F38A1058-3DDD-3B9D-A8A2-5710DED96D64}.Debug|x64.ActiveCfg = Debug|x64
		{F38A1058-3DDD-3B9D-A8A2-5710DED96D64}.Release|x64.ActiveCfg = Release|x64
		{F38A1058-3DDD-3B9D-A8A2-5710DED96D64}.MinSizeRel|x64.ActiveCfg = MinSizeRel|x64
		{F38A1058-3DDD-3B9D-A8A2-5710DED96D64}.RelWithDebInfo|x64.ActiveCfg = RelWithDebInfo|x64
		{8043A35B-F9BA-39AD-948E-5289477D5E0E}.Debug|x64.ActiveCfg = Debug|x64
		{8043A35B-F9BA-39AD-948E-5289477D5E0E}.Debug|x64.Build.0 = Debug|x64
		{8043A35B-F9BA-39AD-948E-5289477D5E0E}.Release|x64.ActiveCfg = Release|x64
		{8043A35B-F9BA-39AD-948E-5289477D5E0E}.Release|x64.Build.0 = Release|x64
		{8043A35B-F9BA-39AD-948E-5289477D5E0E}.MinSizeRel|x64.ActiveCfg = MinSizeRel|x64
		{8043A35B-F9BA-39AD-948E-5289477D5E0E}.MinSizeRel|x64.Build.0 = MinSizeRel|x64
		{8043A35B-F9BA-39AD-948E-5289477D5E0E}.RelWithDebInfo|x64.ActiveCfg = RelWithDebInfo|x64
		{8043A35B-F9BA-39AD-948E-5289477D5E0E}.RelWithDebInfo|x64.Build.0 = RelWithDebInfo|x64
		{8219D051-21DC-34A4-9919-554F534E0DC6}.Debug|x64.ActiveCfg = Debug|x64
		{8219D051-21DC-34A4-9919-554F534E0DC6}.Release|x64.ActiveCfg = Release|x64
		{8219D051-21DC-34A4-9919-554F534E0DC6}.MinSizeRel|x64.ActiveCfg = MinSizeRel|x64
		{8219D051-21DC-34A4-9919-554F534E0DC6}.RelWithDebInfo|x64.ActiveCfg = RelWithDebInfo|x64
		{D3268FBE-8E0D-3CC9-81CF-89C90C807F9B}.Debug|x64.ActiveCfg = Debug|x64
		{D3268FBE-8E0D-3CC9-81CF-89C90C807F9B}.Release|x64.ActiveCfg = Release|x64
		{D3268FBE-8E0D-3CC9-81CF-89C90C807F9B}.MinSizeRel|x64.ActiveCfg = MinSizeRel|x64
		{D3268FBE-8E0D-3CC9-81CF-89C90C807F9B}.RelWithDebInfo|x64.ActiveCfg = RelWithDebInfo|x64
		{F0B43DC4-C0E8-3C61-A8D5-6A38555E3557}.Debug|x64.ActiveCfg = Debug|x64
		{F0B43DC4-C0E8-3C61-A8D5-6A38555E3557}.Release|x64.ActiveCfg = Release|x64
		{F0B43DC4-C0E8-3C61-A8D5-6A38555E3557}.MinSizeRel|x64.ActiveCfg = MinSizeRel|x64
		{F0B43DC4-C0E8-3C61-A8D5-6A38555E3557}.RelWithDebInfo|x64.ActiveCfg = RelWithDebInfo|x64
		{C8B6DE87-5E20-3065-A6FB-A7AD842F89F6}.Debug|x64.ActiveCfg = Debug|x64
		{C8B6DE87-5E20-3065-A6FB-A7AD842F89F6}.Release|x64.ActiveCfg = Release|x64
		{C8B6DE87-5E20-3065-A6FB-A7AD842F89F6}.MinSizeRel|x64.ActiveCfg = MinSizeRel|x64
		{C8B6DE87-5E20-3065-A6FB-A7AD842F89F6}.RelWithDebInfo|x64.ActiveCfg = RelWithDebInfo|x64
		{EC1B0033-E59F-3C24-834B-202A76247000}.Debug|x64.ActiveCfg = Debug|x64
		{EC1B0033-E59F-3C24-834B-202A76247000}.Debug|x64.Build.0 = Debug|x64
		{EC1B0033-E59F-3C24-834B-202A76247000}.Release|x64.ActiveCfg = Release|x64
		{EC1B0033-E59F-3C24-834B-202A76247000}.Release|x64.Build.0 = Release|x64
		{EC1B0033-E59F-3C24-834B-202A76247000}.MinSizeRel|x64.ActiveCfg = MinSizeRel|x64
		{EC1B0033-E59F-3C24-834B-202A76247000}.MinSizeRel|x64.Build.0 = MinSizeRel|x64
		{EC1B0033-E59F-3C24-834B-202A76247000}.RelWithDebInfo|x64.ActiveCfg = RelWithDebInfo|x64
		{EC1B0033-E59F-3C24-834B-202A76247000}.RelWithDebInfo|x64.Build.0 = RelWithDebInfo|x64
		{90A4A354-ADC8-361B-BE26-61D340EF6857}.Debug|x64.ActiveCfg = Debug|x64
		{90A4A354-ADC8-361B-BE26-61D340EF6857}.Release|x64.ActiveCfg = Release|x64
		{90A4A354-ADC8-361B-BE26-61D340EF6857}.MinSizeRel|x64.ActiveCfg = MinSizeRel|x64
		{90A4A354-ADC8-361B-BE26-61D340EF6857}.RelWithDebInfo|x64.ActiveCfg = RelWithDebInfo|x64
		{C4D5D7DF-6D5E-3323-9E2F-4FF7A106C5AD}.Debug|x64.ActiveCfg = Debug|x64
		{C4D5D7DF-6D5E-3323-9E2F-4FF7A106C5AD}.Release|x64.ActiveCfg = Release|x64
		{C4D5D7DF-6D5E-3323-9E2F-4FF7A106C5AD}.MinSizeRel|x64.ActiveCfg = MinSizeRel|x64
		{C4D5D7DF-6D5E-3323-9E2F-4FF7A106C5AD}.RelWithDebInfo|x64.ActiveCfg = RelWithDebInfo|x64
		{00AD4F1D-8536-3772-997C-57F011196F86}.Debug|x64.ActiveCfg = Debug|x64
		{00AD4F1D-8536-3772-997C-57F011196F86}.Debug|x64.Build.0 = Debug|x64
		{00AD4F1D-8536-3772-997C-57F011196F86}.Release|x64.ActiveCfg = Release|x64
		{00AD4F1D-8536-3772-997C-57F011196F86}.Release|x64.Build.0 = Release|x64
		{00AD4F1D-8536-3772-997C-57F011196F86}.MinSizeRel|x64.ActiveCfg = MinSizeRel|x64
		{00AD4F1D-8536-3772-997C-57F011196F86}.MinSizeRel|x64.Build.0 = MinSizeRel|x64
		{00AD4F1D-8536-3772-997C-57F011196F86}.RelWithDebInfo|x64.ActiveCfg = RelWithDebInfo|x64
		{00AD4F1D-8536-3772-997C-57F011196F86}.RelWithDebInfo|x64.Build.0 = RelWithDebInfo|x64
		{2B7004EC-E58E-3358-811A-4FDD0FCD51C6}.Debug|x64.ActiveCfg = Debug|x64
		{2B7004EC-E58E-3358-811A-4FDD0FCD51C6}.Debug|x64.Build.0 = Debug|x64
		{2B7004EC-E58E-3358-811A-4FDD0FCD51C6}.Release|x64.ActiveCfg = Release|x64
		{2B7004EC-E58E-3358-811A-4FDD0FCD51C6}.Release|x64.Build.0 = Release|x64
		{2B7004EC-E58E-3358-811A-4FDD0FCD51C6}.MinSizeRel|x64.ActiveCfg = MinSizeRel|x64
		{2B7004EC-E58E-3358-811A-4FDD0FCD51C6}.MinSizeRel|x64.Build.0 = MinSizeRel|x64
		{2B7004EC-E58E-3358-811A-4FDD0FCD51C6}.RelWithDebInfo|x64.ActiveCfg = RelWithDebInfo|x64
		{2B7004EC-E58E-3358-811A-4FDD0FCD51C6}.RelWithDebInfo|x64.Build.0 = RelWithDebInfo|x64
	EndGlobalSection
	GlobalSection(NestedProjects) = preSolution
		{2383878C-8526-3BFA-A0A1-BE1F423B8FFF} = {9CB7CA54-EE4B-3AF7-A74F-31FCC200CDA0}
		{F38A1058-3DDD-3B9D-A8A2-5710DED96D64} = {9CB7CA54-EE4B-3AF7-A74F-31FCC200CDA0}
		{8043A35B-F9BA-39AD-948E-5289477D5E0E} = {9CB7CA54-EE4B-3AF7-A74F-31FCC200CDA0}
		{1CB4F2DC-4485-3609-9E1C-D68B8B2F4367} = {CF09540E-9377-3C8E-B7FC-6F797038B556}
		{413C4210-6378-3934-A205-C52773389E66} = {CF09540E-9377-3C8E-B7FC-6F797038B556}
		{8AFC26DD-4C7F-3B39-8204-6CD875703390} = {CF09540E-9377-3C8E-B7FC-6F797038B556}
		{301CF1CD-0A18-3588-9CDD-6E281E3F2F5C} = {CF09540E-9377-3C8E-B7FC-6F797038B556}
		{E90303C0-8BE7-3DD2-9296-22F2AA5E3E2A} = {9025D03A-CA23-3EAD-91FB-998E3F6F7A3B}
		{31431E24-D6CC-37E3-BF7B-D737CF755BC4} = {9025D03A-CA23-3EAD-91FB-998E3F6F7A3B}
		{F239EF4B-C7D8-3133-BBE2-0B8D7638D032} = {9025D03A-CA23-3EAD-91FB-998E3F6F7A3B}
		{67AA89C4-6DF4-37C2-A009-DBD0893590D4} = {9025D03A-CA23-3EAD-91FB-998E3F6F7A3B}
		{D8B93D2F-4466-3EEA-8415-9350FEE9D1B4} = {9025D03A-CA23-3EAD-91FB-998E3F6F7A3B}
		{BDB1B7C0-983A-322E-8A00-C896DFC98BBF} = {9025D03A-CA23-3EAD-91FB-998E3F6F7A3B}
		{C4DA5C68-A3F6-384A-A7CB-E0F7D39B2A18} = {9025D03A-CA23-3EAD-91FB-998E3F6F7A3B}
		{9EF51F6A-9003-3034-A83B-F654218CD60D} = {9025D03A-CA23-3EAD-91FB-998E3F6F7A3B}
		{78D5FDAE-01B1-3F4B-BC84-16D8463D6080} = {9025D03A-CA23-3EAD-91FB-998E3F6F7A3B}
		{EC1B0033-E59F-3C24-834B-202A76247000} = {9025D03A-CA23-3EAD-91FB-998E3F6F7A3B}
		{2B7004EC-E58E-3358-811A-4FDD0FCD51C6} = {9025D03A-CA23-3EAD-91FB-998E3F6F7A3B}
		{16E2A277-58CD-371F-BA50-37057D37AEA3} = {E90303C0-8BE7-3DD2-9296-22F2AA5E3E2A}
		{C0CAB373-41BB-3FB6-8207-6503F01219F6} = {E90303C0-8BE7-3DD2-9296-22F2AA5E3E2A}
		{224C4737-809F-3BE5-BC77-D746C36F2FDF} = {E90303C0-8BE7-3DD2-9296-22F2AA5E3E2A}
		{D3268FBE-8E0D-3CC9-81CF-89C90C807F9B} = {E90303C0-8BE7-3DD2-9296-22F2AA5E3E2A}
		{F0B43DC4-C0E8-3C61-A8D5-6A38555E3557} = {E90303C0-8BE7-3DD2-9296-22F2AA5E3E2A}
		{C8B6DE87-5E20-3065-A6FB-A7AD842F89F6} = {E90303C0-8BE7-3DD2-9296-22F2AA5E3E2A}
	EndGlobalSection
	GlobalSection(ExtensibilityGlobals) = postSolution
		SolutionGuid = {8E8B6827-6A5C-35F1-9039-021D6DBFDD50}
	EndGlobalSection
	GlobalSection(ExtensibilityAddIns) = postSolution
	EndGlobalSection
EndGlobal
